lockfileVersion: '9.0'

settings:
  autoInstallPeers: true
  excludeLinksFromLockfile: false

importers:

  .:
    dependencies:
      '@block65/webcrypto-web-push':
        specifier: ^1.0.2
        version: 1.0.2

packages:

  '@block65/custom-error@12.2.0':
    resolution: {integrity: sha512-OH3qt4aY9W2kfpI5BY075Mc/M5HNJHjtYkxwUV62OZhKrKQeSUcIXHZkB6H+9YQ5a7D0po3JCouV3egeQDS2pA==}
    engines: {node: '>=18.0.0'}

  '@block65/webcrypto-web-push@1.0.2':
    resolution: {integrity: sha512-KYFCz4tgnquZ+Mu4EFrB5IfwM0gWJdEKAN4Gj5ZbTRO+ZYcNLs2th36v0toGa+1XOL4qD7G20LnU6yH7zn5siQ==}

  base64-arraybuffer@1.0.2:
    resolution: {integrity: sha512-I3yl4r9QB5ZRY3XuJVEPfc2XhZO6YweFPI+UovAzn+8/hb3oJ6lnysaFcjVpkCPfVWFUDvoZ8kmVDP7WyRtYtQ==}
    engines: {node: '>= 0.6.0'}

  serialize-error@11.0.3:
    resolution: {integrity: sha512-2G2y++21dhj2R7iHAdd0FIzjGwuKZld+7Pl/bTU6YIkrC2ZMbVUjm+luj6A6V34Rv9XfKJDKpTWu9W4Gse1D9g==}
    engines: {node: '>=14.16'}

  type-fest@2.19.0:
    resolution: {integrity: sha512-RAH822pAdBgcNMAfWnCBU3CFZcfZ/i1eZjwFU/dsLKumyuuP3niueg2UAukXYF0E2AAoc82ZSSf9J0WQBinzHA==}
    engines: {node: '>=12.20'}

  type-fest@4.41.0:
    resolution: {integrity: sha512-TeTSQ6H5YHvpqVwBRcnLDCBnDOHWYu7IvGbHT6N8AOymcr9PJGjc1GTtiWZTYg0NCgYwvnYWEkVChQAr9bjfwA==}
    engines: {node: '>=16'}

snapshots:

  '@block65/custom-error@12.2.0':
    dependencies:
      serialize-error: 11.0.3

  '@block65/webcrypto-web-push@1.0.2':
    dependencies:
      '@block65/custom-error': 12.2.0
      base64-arraybuffer: 1.0.2
      type-fest: 4.41.0

  base64-arraybuffer@1.0.2: {}

  serialize-error@11.0.3:
    dependencies:
      type-fest: 2.19.0

  type-fest@2.19.0: {}

  type-fest@4.41.0: {}
